<?xml version="1.0" encoding="utf-8"?>
<Project ToolsVersion="4.0" xmlns="http://schemas.microsoft.com/developer/msbuild/2003">
  <ItemGroup>
    <Filter Include="src">
      <UniqueIdentifier>{97a61675-3b85-4d81-8190-f99482b5d788}</UniqueIdentifier>
    </Filter>
  </ItemGroup>
  <ItemGroup>
    <ClCompile Include="..\test_iconv.c">
      <Filter>src</Filter>
    </ClCompile>
  </ItemGroup>
</Project>